NeoBundleLock TaskList.vim 8e2dfdcc6e13d8afab5b3f620ee06ebb29b786f9
NeoBundleLock gundo.vim e7fe41024ace9047eee610f23311d44fd9d917c0
NeoBundleLock jedi-vim 625c568b1249db8c5f1b06a1f9371c06ba2d08b5
NeoBundleLock neobundle.vim 6e696b19d8ff36bf754f901a6b7e42671e06b7a8
NeoBundleLock neocomplete.vim 4dc8531e999f00e955f81248d6131132e6fe6917
NeoBundleLock nerdtree 4ebbb533c3faf2c480211db2b547972bb3b60f2b
NeoBundleLock syntastic fea5d5240a45ea412350bd70fb8af6708925ede5
NeoBundleLock unite-outline 962aaa61d5585634c15c3a7071df7c6a12c5e3cd
NeoBundleLock unite.vim c9d2ced6b993653a7ebbc572039f8d03ba2b997f
NeoBundleLock vim-django-support a0b21e72a2ce22141d60c494de1f58cb960b413f
NeoBundleLock vim-indent-guides 49bde6fa30648345ffabfe55b3a095a293568a2e
NeoBundleLock vim-template e6e3a8c6b4f7520406f0b5f5a7e7f5507f1834d4
NeoBundleLock vim-virtualenv 49a7e89003c4644f1ec83f2ce7e4388b09b0da74
NeoBundleLock vimproc 3ab0a236e65b277670266c1187da9a49064c1500
NeoBundleLock zencoding-vim e742a1f767ebe363a8f0ff160938016713cd07ba
